
Microsoft Visual Studio Solution File, Format Version 12.00
# Visual Studio Version 17
VisualStudioVersion = 17.7.34009.444
MinimumVisualStudioVersion = 10.0.40219.1
Project("{9A19103F-16F7-4668-BE54-9A1E7A4F7556}") = "NapaEduLessons1", "NapaEduLessons1\NapaEduLessons1.csproj", "{99A6D2D1-AE51-450F-BC39-D144D3F9DC23}"
EndProject
Project("{9A19103F-16F7-4668-BE54-9A1E7A4F7556}") = "WebProgramming", "WebProgramming\WebProgramming.csproj", "{1325D553-4C2B-47CD-BDB4-3379268D8BDF}"
EndProject
Project("{9A19103F-16F7-4668-BE54-9A1E7A4F7556}") = "NapaEduCSharpBasics", "NapaEduCSharpBasics\NapaEduCSharpBasics.csproj", "{B2C3D75F-E54C-4FD6-A790-8DE7AFE93B22}"
EndProject
Project("{9A19103F-16F7-4668-BE54-9A1E7A4F7556}") = "OOP", "OOP\OOP.csproj", "{6FF28A34-FCED-4FF1-B4BA-AE63F213250A}"
EndProject
Project("{FAE04EC0-301F-11D3-BF4B-00C04F79EFBC}") = "AayncProject", "AayncProject\AayncProject.csproj", "{7C381FEC-4220-4BF4-884F-A3CA3E16FFDD}"
EndProject
Project("{9A19103F-16F7-4668-BE54-9A1E7A4F7556}") = "WeatherApp", "WeatherApp\WeatherApp.csproj", "{85AECCDC-7C83-4CAB-883F-DD70FF7A3F86}"
EndProject
Project("{9A19103F-16F7-4668-BE54-9A1E7A4F7556}") = "Lesson2", "Lesson2\Lesson2.csproj", "{80731FE3-78ED-43CB-8D04-61FC44ACBDF1}"
EndProject
Project("{9A19103F-16F7-4668-BE54-9A1E7A4F7556}") = "ASPNETEmpty", "ASPNETEmpty\ASPNETEmpty.csproj", "{9C618617-46BE-4716-BAA3-B7D4EBCF5B44}"
EndProject
Project("{9A19103F-16F7-4668-BE54-9A1E7A4F7556}") = "ASPNETWithEF", "ASPNETWithEF\ASPNETWithEF.csproj", "{14256746-B6FA-401E-B158-99EF70FCEA3E}"
EndProject
Project("{9A19103F-16F7-4668-BE54-9A1E7A4F7556}") = "WebApplicationAPIBasic", "WebApplicationAPIBasic\WebApplicationAPIBasic.csproj", "{72C6E08F-CD0F-40EE-A803-81B69B423E44}"
EndProject
Project("{FAE04EC0-301F-11D3-BF4B-00C04F79EFBC}") = "NapaEduWebAppMVC", "NapaEduWebAppMVC\NapaEduWebAppMVC.csproj", "{0C209474-A9DD-417A-980D-65AAC84A1F31}"
EndProject
Global
	GlobalSection(SolutionConfigurationPlatforms) = preSolution
		Debug|Any CPU = Debug|Any CPU
		Release|Any CPU = Release|Any CPU
	EndGlobalSection
	GlobalSection(ProjectConfigurationPlatforms) = postSolution
		{99A6D2D1-AE51-450F-BC39-D144D3F9DC23}.Debug|Any CPU.ActiveCfg = Debug|Any CPU
		{99A6D2D1-AE51-450F-BC39-D144D3F9DC23}.Debug|Any CPU.Build.0 = Debug|Any CPU
		{99A6D2D1-AE51-450F-BC39-D144D3F9DC23}.Release|Any CPU.ActiveCfg = Release|Any CPU
		{99A6D2D1-AE51-450F-BC39-D144D3F9DC23}.Release|Any CPU.Build.0 = Release|Any CPU
		{1325D553-4C2B-47CD-BDB4-3379268D8BDF}.Debug|Any CPU.ActiveCfg = Debug|Any CPU
		{1325D553-4C2B-47CD-BDB4-3379268D8BDF}.Debug|Any CPU.Build.0 = Debug|Any CPU
		{1325D553-4C2B-47CD-BDB4-3379268D8BDF}.Release|Any CPU.ActiveCfg = Release|Any CPU
		{1325D553-4C2B-47CD-BDB4-3379268D8BDF}.Release|Any CPU.Build.0 = Release|Any CPU
		{B2C3D75F-E54C-4FD6-A790-8DE7AFE93B22}.Debug|Any CPU.ActiveCfg = Debug|Any CPU
		{B2C3D75F-E54C-4FD6-A790-8DE7AFE93B22}.Debug|Any CPU.Build.0 = Debug|Any CPU
		{B2C3D75F-E54C-4FD6-A790-8DE7AFE93B22}.Release|Any CPU.ActiveCfg = Release|Any CPU
		{B2C3D75F-E54C-4FD6-A790-8DE7AFE93B22}.Release|Any CPU.Build.0 = Release|Any CPU
		{6FF28A34-FCED-4FF1-B4BA-AE63F213250A}.Debug|Any CPU.ActiveCfg = Debug|Any CPU
		{6FF28A34-FCED-4FF1-B4BA-AE63F213250A}.Debug|Any CPU.Build.0 = Debug|Any CPU
		{6FF28A34-FCED-4FF1-B4BA-AE63F213250A}.Release|Any CPU.ActiveCfg = Release|Any CPU
		{6FF28A34-FCED-4FF1-B4BA-AE63F213250A}.Release|Any CPU.Build.0 = Release|Any CPU
		{7C381FEC-4220-4BF4-884F-A3CA3E16FFDD}.Debug|Any CPU.ActiveCfg = Debug|Any CPU
		{7C381FEC-4220-4BF4-884F-A3CA3E16FFDD}.Debug|Any CPU.Build.0 = Debug|Any CPU
		{7C381FEC-4220-4BF4-884F-A3CA3E16FFDD}.Release|Any CPU.ActiveCfg = Release|Any CPU
		{7C381FEC-4220-4BF4-884F-A3CA3E16FFDD}.Release|Any CPU.Build.0 = Release|Any CPU
		{85AECCDC-7C83-4CAB-883F-DD70FF7A3F86}.Debug|Any CPU.ActiveCfg = Debug|Any CPU
		{85AECCDC-7C83-4CAB-883F-DD70FF7A3F86}.Debug|Any CPU.Build.0 = Debug|Any CPU
		{85AECCDC-7C83-4CAB-883F-DD70FF7A3F86}.Release|Any CPU.ActiveCfg = Release|Any CPU
		{85AECCDC-7C83-4CAB-883F-DD70FF7A3F86}.Release|Any CPU.Build.0 = Release|Any CPU
		{80731FE3-78ED-43CB-8D04-61FC44ACBDF1}.Debug|Any CPU.ActiveCfg = Debug|Any CPU
		{80731FE3-78ED-43CB-8D04-61FC44ACBDF1}.Debug|Any CPU.Build.0 = Debug|Any CPU
		{80731FE3-78ED-43CB-8D04-61FC44ACBDF1}.Release|Any CPU.ActiveCfg = Release|Any CPU
		{80731FE3-78ED-43CB-8D04-61FC44ACBDF1}.Release|Any CPU.Build.0 = Release|Any CPU
		{9C618617-46BE-4716-BAA3-B7D4EBCF5B44}.Debug|Any CPU.ActiveCfg = Debug|Any CPU
		{9C618617-46BE-4716-BAA3-B7D4EBCF5B44}.Debug|Any CPU.Build.0 = Debug|Any CPU
		{9C618617-46BE-4716-BAA3-B7D4EBCF5B44}.Release|Any CPU.ActiveCfg = Release|Any CPU
		{9C618617-46BE-4716-BAA3-B7D4EBCF5B44}.Release|Any CPU.Build.0 = Release|Any CPU
		{14256746-B6FA-401E-B158-99EF70FCEA3E}.Debug|Any CPU.ActiveCfg = Debug|Any CPU
		{14256746-B6FA-401E-B158-99EF70FCEA3E}.Debug|Any CPU.Build.0 = Debug|Any CPU
		{14256746-B6FA-401E-B158-99EF70FCEA3E}.Release|Any CPU.ActiveCfg = Release|Any CPU
		{14256746-B6FA-401E-B158-99EF70FCEA3E}.Release|Any CPU.Build.0 = Release|Any CPU
		{72C6E08F-CD0F-40EE-A803-81B69B423E44}.Debug|Any CPU.ActiveCfg = Debug|Any CPU
		{72C6E08F-CD0F-40EE-A803-81B69B423E44}.Debug|Any CPU.Build.0 = Debug|Any CPU
		{72C6E08F-CD0F-40EE-A803-81B69B423E44}.Release|Any CPU.ActiveCfg = Release|Any CPU
		{72C6E08F-CD0F-40EE-A803-81B69B423E44}.Release|Any CPU.Build.0 = Release|Any CPU
		{0C209474-A9DD-417A-980D-65AAC84A1F31}.Debug|Any CPU.ActiveCfg = Debug|Any CPU
		{0C209474-A9DD-417A-980D-65AAC84A1F31}.Debug|Any CPU.Build.0 = Debug|Any CPU
		{0C209474-A9DD-417A-980D-65AAC84A1F31}.Release|Any CPU.ActiveCfg = Release|Any CPU
		{0C209474-A9DD-417A-980D-65AAC84A1F31}.Release|Any CPU.Build.0 = Release|Any CPU
	EndGlobalSection
	GlobalSection(SolutionProperties) = preSolution
		HideSolutionNode = FALSE
	EndGlobalSection
	GlobalSection(ExtensibilityGlobals) = postSolution
		SolutionGuid = {2820D778-DD8B-4E88-8D5D-D2AFF33287CC}
	EndGlobalSection
EndGlobal
